
Microsoft Visual Studio Solution File, Format Version 12.00
# Visual Studio 15
VisualStudioVersion = 15.0.28307.421
MinimumVisualStudioVersion = 10.0.40219.1
Project("{FAE04EC0-301F-11D3-BF4B-00C04F79EFBC}") = "RedditAPI_Lab", "RedditAPI_Lab\RedditAPI_Lab.csproj", "{A74A155B-11B7-4F3E-9F9C-27CECF1B91BA}"
EndProject
Global
	GlobalSection(SolutionConfigurationPlatforms) = preSolution
		Debug|Any CPU = Debug|Any CPU
		Release|Any CPU = Release|Any CPU
	EndGlobalSection
	GlobalSection(ProjectConfigurationPlatforms) = postSolution
		{A74A155B-11B7-4F3E-9F9C-27CECF1B91BA}.Debug|Any CPU.ActiveCfg = Debug|Any CPU
		{A74A155B-11B7-4F3E-9F9C-27CECF1B91BA}.Debug|Any CPU.Build.0 = Debug|Any CPU
		{A74A155B-11B7-4F3E-9F9C-27CECF1B91BA}.Release|Any CPU.ActiveCfg = Release|Any CPU
		{A74A155B-11B7-4F3E-9F9C-27CECF1B91BA}.Release|Any CPU.Build.0 = Release|Any CPU
	EndGlobalSection
	GlobalSection(SolutionProperties) = preSolution
		HideSolutionNode = FALSE
	EndGlobalSection
	GlobalSection(ExtensibilityGlobals) = postSolution
		SolutionGuid = {DE1A8438-3918-4335-8A91-1114A19708C6}
	EndGlobalSection
EndGlobal
